
Microsoft Visual Studio Solution File, Format Version 12.00
# Visual Studio Version 17
VisualStudioVersion = 17.5.2.0
MinimumVisualStudioVersion = 10.0.40219.1
Project("{FAE04EC0-301F-11D3-BF4B-00C04F79EFBC}") = "414771476_林采霓_1106_mid_3", "414771476_林采霓_1106_mid_3.csproj", "{2FF3D76B-4F55-85BA-B854-05DD18B67512}"
EndProject
Global
	GlobalSection(SolutionConfigurationPlatforms) = preSolution
		Debug|Any CPU = Debug|Any CPU
		Release|Any CPU = Release|Any CPU
	EndGlobalSection
	GlobalSection(ProjectConfigurationPlatforms) = postSolution
		{2FF3D76B-4F55-85BA-B854-05DD18B67512}.Debug|Any CPU.ActiveCfg = Debug|Any CPU
		{2FF3D76B-4F55-85BA-B854-05DD18B67512}.Debug|Any CPU.Build.0 = Debug|Any CPU
		{2FF3D76B-4F55-85BA-B854-05DD18B67512}.Release|Any CPU.ActiveCfg = Release|Any CPU
		{2FF3D76B-4F55-85BA-B854-05DD18B67512}.Release|Any CPU.Build.0 = Release|Any CPU
	EndGlobalSection
	GlobalSection(SolutionProperties) = preSolution
		HideSolutionNode = FALSE
	EndGlobalSection
	GlobalSection(ExtensibilityGlobals) = postSolution
		SolutionGuid = {6BD04AA7-CEA4-4692-AE8B-2B5ADC8077E4}
	EndGlobalSection
EndGlobal
